{
  "name": "double-satisfaction",
  "version": "1.0.0",
  "lockfileVersion": 3,
  "requires": true,
  "packages": {
    "": {
      "name": "double-satisfaction",
      "version": "1.0.0",
      "license": "ISC",
      "dependencies": {
        "@hyperionbt/helios": "^0.16.3"
      }
    },
    "node_modules/@hyperionbt/helios": {
      "version": "0.16.3",
      "resolved": "https://registry.npmjs.org/@hyperionbt/helios/-/helios-0.16.3.tgz",
      "integrity": "sha512-SQGp0Oc9NFCIflw7JE2SiLo67Z8816kfF2LM3ZHSc/qWpvyXapmPfTEKbh6fUwO3aidD7lP0HxatI5FS913kMQ=="
    }
  }
}
